// !$*UTF8*$!
{
	archiveVersion = 1;
	classes = {
	};
	objectVersion = 46;
	objects = {

/* Begin PBXBuildFile section */
		170FF2501BA4722B005FF804 /* main.m in Sources */ = {isa = PBXBuildFile; fileRef = 170FF24F1BA4722B005FF804 /* main.m */; };
		170FF2531BA4722B005FF804 /* AppDelegate.m in Sources */ = {isa = PBXBuildFile; fileRef = 170FF2521BA4722B005FF804 /* AppDelegate.m */; };
		170FF2561BA4722B005FF804 /* CindersDating.xcdatamodeld in Sources */ = {isa = PBXBuildFile; fileRef = 170FF2541BA4722B005FF804 /* CindersDating.xcdatamodeld */; };
		170FF25E1BA4722B005FF804 /* Images.xcassets in Resources */ = {isa = PBXBuildFile; fileRef = 170FF25D1BA4722B005FF804 /* Images.xcassets */; };
		170FF26D1BA4722B005FF804 /* CindersDatingTests.m in Sources */ = {isa = PBXBuildFile; fileRef = 170FF26C1BA4722B005FF804 /* CindersDatingTests.m */; };
		170FF28B1BA490BB005FF804 /* LoginViewController.m in Sources */ = {isa = PBXBuildFile; fileRef = 170FF2851BA490BB005FF804 /* LoginViewController.m */; };
		170FF28C1BA490BB005FF804 /* Main.storyboard in Resources */ = {isa = PBXBuildFile; fileRef = 170FF2861BA490BB005FF804 /* Main.storyboard */; };
		170FF28E1BA490BB005FF804 /* ViewController.m in Sources */ = {isa = PBXBuildFile; fileRef = 170FF28A1BA490BB005FF804 /* ViewController.m */; };
		170FF29A1BA499BB005FF804 /* interests.png in Resources */ = {isa = PBXBuildFile; fileRef = 170FF2901BA499BB005FF804 /* interests.png */; };
		170FF29B1BA499BB005FF804 /* invitechat.png in Resources */ = {isa = PBXBuildFile; fileRef = 170FF2911BA499BB005FF804 /* invitechat.png */; };
		170FF29C1BA499BB005FF804 /* LikeIcon.png in Resources */ = {isa = PBXBuildFile; fileRef = 170FF2921BA499BB005FF804 /* LikeIcon.png */; };
		170FF29D1BA499BB005FF804 /* location.png in Resources */ = {isa = PBXBuildFile; fileRef = 170FF2931BA499BB005FF804 /* location.png */; };
		170FF29E1BA499BB005FF804 /* map-icon.png in Resources */ = {isa = PBXBuildFile; fileRef = 170FF2941BA499BB005FF804 /* map-icon.png */; };
		170FF29F1BA499BB005FF804 /* map-icon1.png in Resources */ = {isa = PBXBuildFile; fileRef = 170FF2951BA499BB005FF804 /* map-icon1.png */; };
		170FF2A01BA499BB005FF804 /* matchfeeds.png in Resources */ = {isa = PBXBuildFile; fileRef = 170FF2961BA499BB005FF804 /* matchfeeds.png */; };
		170FF2A11BA499BB005FF804 /* settings.png in Resources */ = {isa = PBXBuildFile; fileRef = 170FF2971BA499BB005FF804 /* settings.png */; };
		170FF2A21BA499BB005FF804 /* UserImage.png in Resources */ = {isa = PBXBuildFile; fileRef = 170FF2981BA499BB005FF804 /* UserImage.png */; };
		170FF2A31BA499BB005FF804 /* yelp.png in Resources */ = {isa = PBXBuildFile; fileRef = 170FF2991BA499BB005FF804 /* yelp.png */; };
		170FF2A71BA49B11005FF804 /* chatfeeds.png in Resources */ = {isa = PBXBuildFile; fileRef = 170FF2A41BA49B11005FF804 /* chatfeeds.png */; };
		170FF2A81BA49B11005FF804 /* delight-purple-blank.jpg in Resources */ = {isa = PBXBuildFile; fileRef = 170FF2A51BA49B11005FF804 /* delight-purple-blank.jpg */; };
		170FF2A91BA49B11005FF804 /* loginfb.png in Resources */ = {isa = PBXBuildFile; fileRef = 170FF2A61BA49B11005FF804 /* loginfb.png */; };
		170FF2AC1BA4B491005FF804 /* PageContentViewController.m in Sources */ = {isa = PBXBuildFile; fileRef = 170FF2AB1BA4B491005FF804 /* PageContentViewController.m */; };
		351690CB1BAE0D1700516AFE /* inbox-jin.png in Resources */ = {isa = PBXBuildFile; fileRef = 351690C11BAE0D1700516AFE /* inbox-jin.png */; };
		351690CC1BAE0D1700516AFE /* jin-app-con-220.png in Resources */ = {isa = PBXBuildFile; fileRef = 351690C21BAE0D1700516AFE /* jin-app-con-220.png */; };
		351690CD1BAE0D1700516AFE /* jin-app-con-320.png in Resources */ = {isa = PBXBuildFile; fileRef = 351690C31BAE0D1700516AFE /* jin-app-con-320.png */; };
		351690CE1BAE0D1700516AFE /* jin-app-con.png in Resources */ = {isa = PBXBuildFile; fileRef = 351690C41BAE0D1700516AFE /* jin-app-con.png */; };
		351690CF1BAE0D1700516AFE /* jin-fb-logo-1024x1024.png in Resources */ = {isa = PBXBuildFile; fileRef = 351690C51BAE0D1700516AFE /* jin-fb-logo-1024x1024.png */; };
		351690D01BAE0D1700516AFE /* jin-login.jpg in Resources */ = {isa = PBXBuildFile; fileRef = 351690C61BAE0D1700516AFE /* jin-login.jpg */; };
		351690D11BAE0D1700516AFE /* jin-logo.png in Resources */ = {isa = PBXBuildFile; fileRef = 351690C71BAE0D1700516AFE /* jin-logo.png */; };
		351690D21BAE0D1700516AFE /* round-rating-buttons-green.png in Resources */ = {isa = PBXBuildFile; fileRef = 351690C81BAE0D1700516AFE /* round-rating-buttons-green.png */; };
		351690D31BAE0D1700516AFE /* round-rating-buttons.png in Resources */ = {isa = PBXBuildFile; fileRef = 351690C91BAE0D1700516AFE /* round-rating-buttons.png */; };
		351690D41BAE0D1700516AFE /* settings-jin.png in Resources */ = {isa = PBXBuildFile; fileRef = 351690CA1BAE0D1700516AFE /* settings-jin.png */; };
		358935A11BA48301000B2E55 /* ConnectionListViewController.m in Sources */ = {isa = PBXBuildFile; fileRef = 3589359D1BA48301000B2E55 /* ConnectionListViewController.m */; };
		358935A21BA48301000B2E55 /* PrivateMessageViewController.m in Sources */ = {isa = PBXBuildFile; fileRef = 3589359F1BA48301000B2E55 /* PrivateMessageViewController.m */; };
		358935A31BA48301000B2E55 /* StoryboardInteraction.storyboard in Resources */ = {isa = PBXBuildFile; fileRef = 358935A01BA48301000B2E55 /* StoryboardInteraction.storyboard */; };
		358935A81BA48380000B2E55 /* DelightNewsFeedViewController.m in Sources */ = {isa = PBXBuildFile; fileRef = 358935A61BA48380000B2E55 /* DelightNewsFeedViewController.m */; };
		358935A91BA48380000B2E55 /* StoryboardNewsFeed.storyboard in Resources */ = {isa = PBXBuildFile; fileRef = 358935A71BA48380000B2E55 /* StoryboardNewsFeed.storyboard */; };
		358935AF1BA483C2000B2E55 /* ProfileViewController.m in Sources */ = {isa = PBXBuildFile; fileRef = 358935AB1BA483C2000B2E55 /* ProfileViewController.m */; };
		358935B01BA483C2000B2E55 /* EditProfile.m in Sources */ = {isa = PBXBuildFile; fileRef = 358935AD1BA483C2000B2E55 /* EditProfile.m */; };
		358935B11BA483C2000B2E55 /* StoryboardProfile.storyboard in Resources */ = {isa = PBXBuildFile; fileRef = 358935AE1BA483C2000B2E55 /* StoryboardProfile.storyboard */; };
		358935B61BA4840E000B2E55 /* SettingsViewController.m in Sources */ = {isa = PBXBuildFile; fileRef = 358935B41BA4840E000B2E55 /* SettingsViewController.m */; };
		358935B71BA4840E000B2E55 /* StoryboardSettings.storyboard in Resources */ = {isa = PBXBuildFile; fileRef = 358935B51BA4840E000B2E55 /* StoryboardSettings.storyboard */; };
		D067A2E2F332796FBF70E96E /* Pods.framework in Frameworks */ = {isa = PBXBuildFile; fileRef = 4409CDA5D416BADB4E61BDD6 /* Pods.framework */; settings = {ATTRIBUTES = (Weak, ); }; };
/* End PBXBuildFile section */

/* Begin PBXContainerItemProxy section */
		170FF2671BA4722B005FF804 /* PBXContainerItemProxy */ = {
			isa = PBXContainerItemProxy;
			containerPortal = 170FF2421BA4722B005FF804 /* Project object */;
			proxyType = 1;
			remoteGlobalIDString = 170FF2491BA4722B005FF804;
			remoteInfo = CindersDating;
		};
/* End PBXContainerItemProxy section */

/* Begin PBXFileReference section */
		170FF24A1BA4722B005FF804 /* CindersDating.app */ = {isa = PBXFileReference; explicitFileType = wrapper.application; includeInIndex = 0; path = CindersDating.app; sourceTree = BUILT_PRODUCTS_DIR; };
		170FF24E1BA4722B005FF804 /* Info.plist */ = {isa = PBXFileReference; lastKnownFileType = text.plist.xml; path = Info.plist; sourceTree = "<group>"; };
		170FF24F1BA4722B005FF804 /* main.m */ = {isa = PBXFileReference; lastKnownFileType = sourcecode.c.objc; path = main.m; sourceTree = "<group>"; };
		170FF2511BA4722B005FF804 /* AppDelegate.h */ = {isa = PBXFileReference; lastKnownFileType = sourcecode.c.h; path = AppDelegate.h; sourceTree = "<group>"; };
		170FF2521BA4722B005FF804 /* AppDelegate.m */ = {isa = PBXFileReference; lastKnownFileType = sourcecode.c.objc; path = AppDelegate.m; sourceTree = "<group>"; };
		170FF2551BA4722B005FF804 /* CindersDating.xcdatamodel */ = {isa = PBXFileReference; lastKnownFileType = wrapper.xcdatamodel; path = CindersDating.xcdatamodel; sourceTree = "<group>"; };
		170FF25D1BA4722B005FF804 /* Images.xcassets */ = {isa = PBXFileReference; lastKnownFileType = folder.assetcatalog; path = Images.xcassets; sourceTree = "<group>"; };
		170FF2661BA4722B005FF804 /* CindersDatingTests.xctest */ = {isa = PBXFileReference; explicitFileType = wrapper.cfbundle; includeInIndex = 0; path = CindersDatingTests.xctest; sourceTree = BUILT_PRODUCTS_DIR; };
		170FF26B1BA4722B005FF804 /* Info.plist */ = {isa = PBXFileReference; lastKnownFileType = text.plist.xml; path = Info.plist; sourceTree = "<group>"; };
		170FF26C1BA4722B005FF804 /* CindersDatingTests.m */ = {isa = PBXFileReference; lastKnownFileType = sourcecode.c.objc; path = CindersDatingTests.m; sourceTree = "<group>"; };
		170FF2841BA490BB005FF804 /* LoginViewController.h */ = {isa = PBXFileReference; fileEncoding = 4; lastKnownFileType = sourcecode.c.h; path = LoginViewController.h; sourceTree = "<group>"; };
		170FF2851BA490BB005FF804 /* LoginViewController.m */ = {isa = PBXFileReference; fileEncoding = 4; lastKnownFileType = sourcecode.c.objc; path = LoginViewController.m; sourceTree = "<group>"; };
		170FF2861BA490BB005FF804 /* Main.storyboard */ = {isa = PBXFileReference; fileEncoding = 4; lastKnownFileType = file.storyboard; path = Main.storyboard; sourceTree = "<group>"; };
		170FF2891BA490BB005FF804 /* ViewController.h */ = {isa = PBXFileReference; fileEncoding = 4; lastKnownFileType = sourcecode.c.h; path = ViewController.h; sourceTree = "<group>"; };
		170FF28A1BA490BB005FF804 /* ViewController.m */ = {isa = PBXFileReference; fileEncoding = 4; lastKnownFileType = sourcecode.c.objc; path = ViewController.m; sourceTree = "<group>"; };
		170FF2901BA499BB005FF804 /* interests.png */ = {isa = PBXFileReference; lastKnownFileType = image.png; path = interests.png; sourceTree = "<group>"; };
		170FF2911BA499BB005FF804 /* invitechat.png */ = {isa = PBXFileReference; lastKnownFileType = image.png; path = invitechat.png; sourceTree = "<group>"; };
		170FF2921BA499BB005FF804 /* LikeIcon.png */ = {isa = PBXFileReference; lastKnownFileType = image.png; path = LikeIcon.png; sourceTree = "<group>"; };
		170FF2931BA499BB005FF804 /* location.png */ = {isa = PBXFileReference; lastKnownFileType = image.png; path = location.png; sourceTree = "<group>"; };
		170FF2941BA499BB005FF804 /* map-icon.png */ = {isa = PBXFileReference; lastKnownFileType = image.png; path = "map-icon.png"; sourceTree = "<group>"; };
		170FF2951BA499BB005FF804 /* map-icon1.png */ = {isa = PBXFileReference; lastKnownFileType = image.png; path = "map-icon1.png"; sourceTree = "<group>"; };
		170FF2961BA499BB005FF804 /* matchfeeds.png */ = {isa = PBXFileReference; lastKnownFileType = image.png; path = matchfeeds.png; sourceTree = "<group>"; };
		170FF2971BA499BB005FF804 /* settings.png */ = {isa = PBXFileReference; lastKnownFileType = image.png; path = settings.png; sourceTree = "<group>"; };
		170FF2981BA499BB005FF804 /* UserImage.png */ = {isa = PBXFileReference; lastKnownFileType = image.png; path = UserImage.png; sourceTree = "<group>"; };
		170FF2991BA499BB005FF804 /* yelp.png */ = {isa = PBXFileReference; lastKnownFileType = image.png; path = yelp.png; sourceTree = "<group>"; };
		170FF2A41BA49B11005FF804 /* chatfeeds.png */ = {isa = PBXFileReference; lastKnownFileType = image.png; path = chatfeeds.png; sourceTree = "<group>"; };
		170FF2A51BA49B11005FF804 /* delight-purple-blank.jpg */ = {isa = PBXFileReference; lastKnownFileType = image.jpeg; path = "delight-purple-blank.jpg"; sourceTree = "<group>"; };
		170FF2A61BA49B11005FF804 /* loginfb.png */ = {isa = PBXFileReference; lastKnownFileType = image.png; path = loginfb.png; sourceTree = "<group>"; };
		170FF2AA1BA4B491005FF804 /* PageContentViewController.h */ = {isa = PBXFileReference; fileEncoding = 4; lastKnownFileType = sourcecode.c.h; path = PageContentViewController.h; sourceTree = "<group>"; };
		170FF2AB1BA4B491005FF804 /* PageContentViewController.m */ = {isa = PBXFileReference; fileEncoding = 4; lastKnownFileType = sourcecode.c.objc; path = PageContentViewController.m; sourceTree = "<group>"; };
		351690C11BAE0D1700516AFE /* inbox-jin.png */ = {isa = PBXFileReference; lastKnownFileType = image.png; path = "inbox-jin.png"; sourceTree = "<group>"; };
		351690C21BAE0D1700516AFE /* jin-app-con-220.png */ = {isa = PBXFileReference; lastKnownFileType = image.png; path = "jin-app-con-220.png"; sourceTree = "<group>"; };
		351690C31BAE0D1700516AFE /* jin-app-con-320.png */ = {isa = PBXFileReference; lastKnownFileType = image.png; path = "jin-app-con-320.png"; sourceTree = "<group>"; };
		351690C41BAE0D1700516AFE /* jin-app-con.png */ = {isa = PBXFileReference; lastKnownFileType = image.png; path = "jin-app-con.png"; sourceTree = "<group>"; };
		351690C51BAE0D1700516AFE /* jin-fb-logo-1024x1024.png */ = {isa = PBXFileReference; lastKnownFileType = image.png; path = "jin-fb-logo-1024x1024.png"; sourceTree = "<group>"; };
		351690C61BAE0D1700516AFE /* jin-login.jpg */ = {isa = PBXFileReference; lastKnownFileType = image.jpeg; path = "jin-login.jpg"; sourceTree = "<group>"; };
		351690C71BAE0D1700516AFE /* jin-logo.png */ = {isa = PBXFileReference; lastKnownFileType = image.png; path = "jin-logo.png"; sourceTree = "<group>"; };
		351690C81BAE0D1700516AFE /* round-rating-buttons-green.png */ = {isa = PBXFileReference; lastKnownFileType = image.png; path = "round-rating-buttons-green.png"; sourceTree = "<group>"; };
		351690C91BAE0D1700516AFE /* round-rating-buttons.png */ = {isa = PBXFileReference; lastKnownFileType = image.png; path = "round-rating-buttons.png"; sourceTree = "<group>"; };
		351690CA1BAE0D1700516AFE /* settings-jin.png */ = {isa = PBXFileReference; lastKnownFileType = image.png; path = "settings-jin.png"; sourceTree = "<group>"; };
		3589359C1BA48301000B2E55 /* ConnectionListViewController.h */ = {isa = PBXFileReference; fileEncoding = 4; lastKnownFileType = sourcecode.c.h; path = ConnectionListViewController.h; sourceTree = "<group>"; };
		3589359D1BA48301000B2E55 /* ConnectionListViewController.m */ = {isa = PBXFileReference; fileEncoding = 4; lastKnownFileType = sourcecode.c.objc; path = ConnectionListViewController.m; sourceTree = "<group>"; };
		3589359E1BA48301000B2E55 /* PrivateMessageViewController.h */ = {isa = PBXFileReference; fileEncoding = 4; lastKnownFileType = sourcecode.c.h; path = PrivateMessageViewController.h; sourceTree = "<group>"; };
		3589359F1BA48301000B2E55 /* PrivateMessageViewController.m */ = {isa = PBXFileReference; fileEncoding = 4; lastKnownFileType = sourcecode.c.objc; path = PrivateMessageViewController.m; sourceTree = "<group>"; };
		358935A01BA48301000B2E55 /* StoryboardInteraction.storyboard */ = {isa = PBXFileReference; fileEncoding = 4; lastKnownFileType = file.storyboard; path = StoryboardInteraction.storyboard; sourceTree = "<group>"; };
		358935A51BA48380000B2E55 /* DelightNewsFeedViewController.h */ = {isa = PBXFileReference; fileEncoding = 4; lastKnownFileType = sourcecode.c.h; path = DelightNewsFeedViewController.h; sourceTree = "<group>"; };
		358935A61BA48380000B2E55 /* DelightNewsFeedViewController.m */ = {isa = PBXFileReference; fileEncoding = 4; lastKnownFileType = sourcecode.c.objc; path = DelightNewsFeedViewController.m; sourceTree = "<group>"; };
		358935A71BA48380000B2E55 /* StoryboardNewsFeed.storyboard */ = {isa = PBXFileReference; fileEncoding = 4; lastKnownFileType = file.storyboard; path = StoryboardNewsFeed.storyboard; sourceTree = "<group>"; };
		358935AA1BA483C2000B2E55 /* ProfileViewController.h */ = {isa = PBXFileReference; fileEncoding = 4; lastKnownFileType = sourcecode.c.h; path = ProfileViewController.h; sourceTree = "<group>"; };
		358935AB1BA483C2000B2E55 /* ProfileViewController.m */ = {isa = PBXFileReference; fileEncoding = 4; lastKnownFileType = sourcecode.c.objc; path = ProfileViewController.m; sourceTree = "<group>"; };
		358935AC1BA483C2000B2E55 /* EditProfile.h */ = {isa = PBXFileReference; fileEncoding = 4; lastKnownFileType = sourcecode.c.h; path = EditProfile.h; sourceTree = "<group>"; };
		358935AD1BA483C2000B2E55 /* EditProfile.m */ = {isa = PBXFileReference; fileEncoding = 4; lastKnownFileType = sourcecode.c.objc; path = EditProfile.m; sourceTree = "<group>"; };
		358935AE1BA483C2000B2E55 /* StoryboardProfile.storyboard */ = {isa = PBXFileReference; fileEncoding = 4; lastKnownFileType = file.storyboard; path = StoryboardProfile.storyboard; sourceTree = "<group>"; };
		358935B31BA4840E000B2E55 /* SettingsViewController.h */ = {isa = PBXFileReference; fileEncoding = 4; lastKnownFileType = sourcecode.c.h; path = SettingsViewController.h; sourceTree = "<group>"; };
		358935B41BA4840E000B2E55 /* SettingsViewController.m */ = {isa = PBXFileReference; fileEncoding = 4; lastKnownFileType = sourcecode.c.objc; path = SettingsViewController.m; sourceTree = "<group>"; };
		358935B51BA4840E000B2E55 /* StoryboardSettings.storyboard */ = {isa = PBXFileReference; fileEncoding = 4; lastKnownFileType = file.storyboard; path = StoryboardSettings.storyboard; sourceTree = "<group>"; };
		4409CDA5D416BADB4E61BDD6 /* Pods.framework */ = {isa = PBXFileReference; explicitFileType = wrapper.framework; includeInIndex = 0; path = Pods.framework; sourceTree = BUILT_PRODUCTS_DIR; };
		9ED89F12B7751D87B85775AA /* Pods.release.xcconfig */ = {isa = PBXFileReference; includeInIndex = 1; lastKnownFileType = text.xcconfig; name = Pods.release.xcconfig; path = "Pods/Target Support Files/Pods/Pods.release.xcconfig"; sourceTree = "<group>"; };
		C066C1E3686F45DB360E6712 /* Pods.debug.xcconfig */ = {isa = PBXFileReference; includeInIndex = 1; lastKnownFileType = text.xcconfig; name = Pods.debug.xcconfig; path = "Pods/Target Support Files/Pods/Pods.debug.xcconfig"; sourceTree = "<group>"; };
/* End PBXFileReference section */

/* Begin PBXFrameworksBuildPhase section */
		170FF2471BA4722B005FF804 /* Frameworks */ = {
			isa = PBXFrameworksBuildPhase;
			buildActionMask = 2147483647;
			files = (
				D067A2E2F332796FBF70E96E /* Pods.framework in Frameworks */,
			);
			runOnlyForDeploymentPostprocessing = 0;
		};
		170FF2631BA4722B005FF804 /* Frameworks */ = {
			isa = PBXFrameworksBuildPhase;
			buildActionMask = 2147483647;
			files = (
			);
			runOnlyForDeploymentPostprocessing = 0;
		};
/* End PBXFrameworksBuildPhase section */

/* Begin PBXGroup section */
		170FF2411BA4722B005FF804 = {
			isa = PBXGroup;
			children = (
				170FF24C1BA4722B005FF804 /* CindersDating */,
				170FF2691BA4722B005FF804 /* CindersDatingTests */,
				170FF24B1BA4722B005FF804 /* Products */,
				F8497C13AC58E69223113B13 /* Pods */,
				9265102886F9924E2316C64C /* Frameworks */,
			);
			sourceTree = "<group>";
		};
		170FF24B1BA4722B005FF804 /* Products */ = {
			isa = PBXGroup;
			children = (
				170FF24A1BA4722B005FF804 /* CindersDating.app */,
				170FF2661BA4722B005FF804 /* CindersDatingTests.xctest */,
			);
			name = Products;
			sourceTree = "<group>";
		};
		170FF24C1BA4722B005FF804 /* CindersDating */ = {
			isa = PBXGroup;
			children = (
				358935B81BA484F3000B2E55 /* images */,
				358935B21BA483EE000B2E55 /* Storyboard - settings */,
				358935A41BA48318000B2E55 /* Alex Storyboard - Matchfeed */,
				3589359B1BA482BE000B2E55 /* Oscar Storyboard - Chat */,
				358935E51BA48559000B2E55 /* Main - Storyboard */,
				170FF25D1BA4722B005FF804 /* Images.xcassets */,
				170FF2511BA4722B005FF804 /* AppDelegate.h */,
				170FF2521BA4722B005FF804 /* AppDelegate.m */,
				170FF2541BA4722B005FF804 /* CindersDating.xcdatamodeld */,
				170FF24D1BA4722B005FF804 /* Supporting Files */,
			);
			path = CindersDating;
			sourceTree = "<group>";
		};
		170FF24D1BA4722B005FF804 /* Supporting Files */ = {
			isa = PBXGroup;
			children = (
				170FF24E1BA4722B005FF804 /* Info.plist */,
				170FF24F1BA4722B005FF804 /* main.m */,
			);
			name = "Supporting Files";
			sourceTree = "<group>";
		};
		170FF2691BA4722B005FF804 /* CindersDatingTests */ = {
			isa = PBXGroup;
			children = (
				170FF26C1BA4722B005FF804 /* CindersDatingTests.m */,
				170FF26A1BA4722B005FF804 /* Supporting Files */,
			);
			path = CindersDatingTests;
			sourceTree = "<group>";
		};
		170FF26A1BA4722B005FF804 /* Supporting Files */ = {
			isa = PBXGroup;
			children = (
				170FF26B1BA4722B005FF804 /* Info.plist */,
			);
			name = "Supporting Files";
			sourceTree = "<group>";
		};
		3589359B1BA482BE000B2E55 /* Oscar Storyboard - Chat */ = {
			isa = PBXGroup;
			children = (
				3589359C1BA48301000B2E55 /* ConnectionListViewController.h */,
				3589359D1BA48301000B2E55 /* ConnectionListViewController.m */,
				3589359E1BA48301000B2E55 /* PrivateMessageViewController.h */,
				3589359F1BA48301000B2E55 /* PrivateMessageViewController.m */,
				358935A01BA48301000B2E55 /* StoryboardInteraction.storyboard */,
			);
			name = "Oscar Storyboard - Chat";
			sourceTree = "<group>";
		};
		358935A41BA48318000B2E55 /* Alex Storyboard - Matchfeed */ = {
			isa = PBXGroup;
			children = (
				358935AA1BA483C2000B2E55 /* ProfileViewController.h */,
				358935AB1BA483C2000B2E55 /* ProfileViewController.m */,
				358935AC1BA483C2000B2E55 /* EditProfile.h */,
				358935AD1BA483C2000B2E55 /* EditProfile.m */,
				358935A51BA48380000B2E55 /* DelightNewsFeedViewController.h */,
				358935A61BA48380000B2E55 /* DelightNewsFeedViewController.m */,
				358935AE1BA483C2000B2E55 /* StoryboardProfile.storyboard */,
				358935A71BA48380000B2E55 /* StoryboardNewsFeed.storyboard */,
			);
			name = "Alex Storyboard - Matchfeed";
			sourceTree = "<group>";
		};
		358935B21BA483EE000B2E55 /* Storyboard - settings */ = {
			isa = PBXGroup;
			children = (
				358935B31BA4840E000B2E55 /* SettingsViewController.h */,
				358935B41BA4840E000B2E55 /* SettingsViewController.m */,
				358935B51BA4840E000B2E55 /* StoryboardSettings.storyboard */,
			);
			name = "Storyboard - settings";
			sourceTree = "<group>";
		};
		358935B81BA484F3000B2E55 /* images */ = {
			isa = PBXGroup;
			children = (
				170FF2A41BA49B11005FF804 /* chatfeeds.png */,
				351690C11BAE0D1700516AFE /* inbox-jin.png */,
				351690C21BAE0D1700516AFE /* jin-app-con-220.png */,
				351690C31BAE0D1700516AFE /* jin-app-con-320.png */,
				351690C41BAE0D1700516AFE /* jin-app-con.png */,
				351690C51BAE0D1700516AFE /* jin-fb-logo-1024x1024.png */,
				351690C61BAE0D1700516AFE /* jin-login.jpg */,
				351690C71BAE0D1700516AFE /* jin-logo.png */,
				351690C81BAE0D1700516AFE /* round-rating-buttons-green.png */,
				351690C91BAE0D1700516AFE /* round-rating-buttons.png */,
				351690CA1BAE0D1700516AFE /* settings-jin.png */,
				170FF2A51BA49B11005FF804 /* delight-purple-blank.jpg */,
				170FF2A61BA49B11005FF804 /* loginfb.png */,
				170FF2901BA499BB005FF804 /* interests.png */,
				170FF2911BA499BB005FF804 /* invitechat.png */,
				170FF2921BA499BB005FF804 /* LikeIcon.png */,
				170FF2931BA499BB005FF804 /* location.png */,
				170FF2941BA499BB005FF804 /* map-icon.png */,
				170FF2951BA499BB005FF804 /* map-icon1.png */,
				170FF2961BA499BB005FF804 /* matchfeeds.png */,
				170FF2971BA499BB005FF804 /* settings.png */,
				170FF2981BA499BB005FF804 /* UserImage.png */,
				170FF2991BA499BB005FF804 /* yelp.png */,
			);
			name = images;
			sourceTree = "<group>";
		};
		358935E51BA48559000B2E55 /* Main - Storyboard */ = {
			isa = PBXGroup;
			children = (
				170FF2AA1BA4B491005FF804 /* PageContentViewController.h */,
				170FF2AB1BA4B491005FF804 /* PageContentViewController.m */,
				170FF2841BA490BB005FF804 /* LoginViewController.h */,
				170FF2851BA490BB005FF804 /* LoginViewController.m */,
				170FF2861BA490BB005FF804 /* Main.storyboard */,
				170FF2891BA490BB005FF804 /* ViewController.h */,
				170FF28A1BA490BB005FF804 /* ViewController.m */,
			);
			name = "Main - Storyboard";
			sourceTree = "<group>";
		};
		9265102886F9924E2316C64C /* Frameworks */ = {
			isa = PBXGroup;
			children = (
				4409CDA5D416BADB4E61BDD6 /* Pods.framework */,
			);
			name = Frameworks;
			sourceTree = "<group>";
		};
		F8497C13AC58E69223113B13 /* Pods */ = {
			isa = PBXGroup;
			children = (
				C066C1E3686F45DB360E6712 /* Pods.debug.xcconfig */,
				9ED89F12B7751D87B85775AA /* Pods.release.xcconfig */,
			);
			name = Pods;
			sourceTree = "<group>";
		};
/* End PBXGroup section */

/* Begin PBXNativeTarget section */
		170FF2491BA4722B005FF804 /* CindersDating */ = {
			isa = PBXNativeTarget;
			buildConfigurationList = 170FF2701BA4722C005FF804 /* Build configuration list for PBXNativeTarget "CindersDating" */;
			buildPhases = (
				4A407A8BC0A0EC5B21CEB0E9 /* Check Pods Manifest.lock */,
				170FF2461BA4722B005FF804 /* Sources */,
				170FF2471BA4722B005FF804 /* Frameworks */,
				170FF2481BA4722B005FF804 /* Resources */,
				29D4A8CDBE16F89C83D5192D /* Copy Pods Resources */,
				2D35DCF136E7621386FE1192 /* Embed Pods Frameworks */,
			);
			buildRules = (
			);
			dependencies = (
			);
			name = CindersDating;
			productName = CindersDating;
			productReference = 170FF24A1BA4722B005FF804 /* CindersDating.app */;
			productType = "com.apple.product-type.application";
		};
		170FF2651BA4722B005FF804 /* CindersDatingTests */ = {
			isa = PBXNativeTarget;
			buildConfigurationList = 170FF2731BA4722C005FF804 /* Build configuration list for PBXNativeTarget "CindersDatingTests" */;
			buildPhases = (
				170FF2621BA4722B005FF804 /* Sources */,
				170FF2631BA4722B005FF804 /* Frameworks */,
				170FF2641BA4722B005FF804 /* Resources */,
			);
			buildRules = (
			);
			dependencies = (
				170FF2681BA4722B005FF804 /* PBXTargetDependency */,
			);
			name = CindersDatingTests;
			productName = CindersDatingTests;
			productReference = 170FF2661BA4722B005FF804 /* CindersDatingTests.xctest */;
			productType = "com.apple.product-type.bundle.unit-test";
		};
/* End PBXNativeTarget section */

/* Begin PBXProject section */
		170FF2421BA4722B005FF804 /* Project object */ = {
			isa = PBXProject;
			attributes = {
				LastUpgradeCheck = 0640;
				ORGANIZATIONNAME = Xanadu;
				TargetAttributes = {
					170FF2491BA4722B005FF804 = {
						CreatedOnToolsVersion = 6.4;
						DevelopmentTeam = LH579KLU9A;
					};
					170FF2651BA4722B005FF804 = {
						CreatedOnToolsVersion = 6.4;
						TestTargetID = 170FF2491BA4722B005FF804;
					};
				};
			};
			buildConfigurationList = 170FF2451BA4722B005FF804 /* Build configuration list for PBXProject "CindersDating" */;
			compatibilityVersion = "Xcode 3.2";
			developmentRegion = English;
			hasScannedForEncodings = 0;
			knownRegions = (
				en,
				Base,
			);
			mainGroup = 170FF2411BA4722B005FF804;
			productRefGroup = 170FF24B1BA4722B005FF804 /* Products */;
			projectDirPath = "";
			projectRoot = "";
			targets = (
				170FF2491BA4722B005FF804 /* CindersDating */,
				170FF2651BA4722B005FF804 /* CindersDatingTests */,
			);
		};
/* End PBXProject section */

/* Begin PBXResourcesBuildPhase section */
		170FF2481BA4722B005FF804 /* Resources */ = {
			isa = PBXResourcesBuildPhase;
			buildActionMask = 2147483647;
			files = (
				170FF2A01BA499BB005FF804 /* matchfeeds.png in Resources */,
				170FF29F1BA499BB005FF804 /* map-icon1.png in Resources */,
				358935B71BA4840E000B2E55 /* StoryboardSettings.storyboard in Resources */,
				351690CF1BAE0D1700516AFE /* jin-fb-logo-1024x1024.png in Resources */,
				170FF2A81BA49B11005FF804 /* delight-purple-blank.jpg in Resources */,
				351690CD1BAE0D1700516AFE /* jin-app-con-320.png in Resources */,
				170FF2A21BA499BB005FF804 /* UserImage.png in Resources */,
				358935A31BA48301000B2E55 /* StoryboardInteraction.storyboard in Resources */,
				351690CE1BAE0D1700516AFE /* jin-app-con.png in Resources */,
				351690D31BAE0D1700516AFE /* round-rating-buttons.png in Resources */,
				170FF2A71BA49B11005FF804 /* chatfeeds.png in Resources */,
				170FF29E1BA499BB005FF804 /* map-icon.png in Resources */,
				170FF2A11BA499BB005FF804 /* settings.png in Resources */,
				351690D01BAE0D1700516AFE /* jin-login.jpg in Resources */,
				351690D41BAE0D1700516AFE /* settings-jin.png in Resources */,
				351690D21BAE0D1700516AFE /* round-rating-buttons-green.png in Resources */,
				170FF29C1BA499BB005FF804 /* LikeIcon.png in Resources */,
				358935B11BA483C2000B2E55 /* StoryboardProfile.storyboard in Resources */,
				358935A91BA48380000B2E55 /* StoryboardNewsFeed.storyboard in Resources */,
				351690D11BAE0D1700516AFE /* jin-logo.png in Resources */,
				170FF29D1BA499BB005FF804 /* location.png in Resources */,
				351690CC1BAE0D1700516AFE /* jin-app-con-220.png in Resources */,
				170FF2A31BA499BB005FF804 /* yelp.png in Resources */,
				351690CB1BAE0D1700516AFE /* inbox-jin.png in Resources */,
				170FF28C1BA490BB005FF804 /* Main.storyboard in Resources */,
				170FF29B1BA499BB005FF804 /* invitechat.png in Resources */,
				170FF25E1BA4722B005FF804 /* Images.xcassets in Resources */,
				170FF29A1BA499BB005FF804 /* interests.png in Resources */,
				170FF2A91BA49B11005FF804 /* loginfb.png in Resources */,
			);
			runOnlyForDeploymentPostprocessing = 0;
		};
		170FF2641BA4722B005FF804 /* Resources */ = {
			isa = PBXResourcesBuildPhase;
			buildActionMask = 2147483647;
			files = (
			);
			runOnlyForDeploymentPostprocessing = 0;
		};
/* End PBXResourcesBuildPhase section */

/* Begin PBXShellScriptBuildPhase section */
		29D4A8CDBE16F89C83D5192D /* Copy Pods Resources */ = {
			isa = PBXShellScriptBuildPhase;
			buildActionMask = 2147483647;
			files = (
			);
			inputPaths = (
			);
			name = "Copy Pods Resources";
			outputPaths = (
			);
			runOnlyForDeploymentPostprocessing = 0;
			shellPath = /bin/sh;
			shellScript = "\"${SRCROOT}/Pods/Target Support Files/Pods/Pods-resources.sh\"\n";
			showEnvVarsInLog = 0;
		};
		2D35DCF136E7621386FE1192 /* Embed Pods Frameworks */ = {
			isa = PBXShellScriptBuildPhase;
			buildActionMask = 2147483647;
			files = (
			);
			inputPaths = (
			);
			name = "Embed Pods Frameworks";
			outputPaths = (
			);
			runOnlyForDeploymentPostprocessing = 0;
			shellPath = /bin/sh;
			shellScript = "\"${SRCROOT}/Pods/Target Support Files/Pods/Pods-frameworks.sh\"\n";
			showEnvVarsInLog = 0;
		};
		4A407A8BC0A0EC5B21CEB0E9 /* Check Pods Manifest.lock */ = {
			isa = PBXShellScriptBuildPhase;
			buildActionMask = 2147483647;
			files = (
			);
			inputPaths = (
			);
			name = "Check Pods Manifest.lock";
			outputPaths = (
			);
			runOnlyForDeploymentPostprocessing = 0;
			shellPath = /bin/sh;
			shellScript = "diff \"${PODS_ROOT}/../Podfile.lock\" \"${PODS_ROOT}/Manifest.lock\" > /dev/null\nif [[ $? != 0 ]] ; then\n    cat << EOM\nerror: The sandbox is not in sync with the Podfile.lock. Run 'pod install' or update your CocoaPods installation.\nEOM\n    exit 1\nfi\n";
			showEnvVarsInLog = 0;
		};
/* End PBXShellScriptBuildPhase section */

/* Begin PBXSourcesBuildPhase section */
		170FF2461BA4722B005FF804 /* Sources */ = {
			isa = PBXSourcesBuildPhase;
			buildActionMask = 2147483647;
			files = (
				358935A81BA48380000B2E55 /* DelightNewsFeedViewController.m in Sources */,
				170FF2531BA4722B005FF804 /* AppDelegate.m in Sources */,
				170FF28B1BA490BB005FF804 /* LoginViewController.m in Sources */,
				358935AF1BA483C2000B2E55 /* ProfileViewController.m in Sources */,
				358935B01BA483C2000B2E55 /* EditProfile.m in Sources */,
				170FF2AC1BA4B491005FF804 /* PageContentViewController.m in Sources */,
				358935A11BA48301000B2E55 /* ConnectionListViewController.m in Sources */,
				170FF28E1BA490BB005FF804 /* ViewController.m in Sources */,
				170FF2561BA4722B005FF804 /* CindersDating.xcdatamodeld in Sources */,
				358935B61BA4840E000B2E55 /* SettingsViewController.m in Sources */,
				358935A21BA48301000B2E55 /* PrivateMessageViewController.m in Sources */,
				170FF2501BA4722B005FF804 /* main.m in Sources */,
			);
			runOnlyForDeploymentPostprocessing = 0;
		};
		170FF2621BA4722B005FF804 /* Sources */ = {
			isa = PBXSourcesBuildPhase;
			buildActionMask = 2147483647;
			files = (
				170FF26D1BA4722B005FF804 /* CindersDatingTests.m in Sources */,
			);
			runOnlyForDeploymentPostprocessing = 0;
		};
/* End PBXSourcesBuildPhase section */

/* Begin PBXTargetDependency section */
		170FF2681BA4722B005FF804 /* PBXTargetDependency */ = {
			isa = PBXTargetDependency;
			target = 170FF2491BA4722B005FF804 /* CindersDating */;
			targetProxy = 170FF2671BA4722B005FF804 /* PBXContainerItemProxy */;
		};
/* End PBXTargetDependency section */

/* Begin XCBuildConfiguration section */
		170FF26E1BA4722B005FF804 /* Debug */ = {
			isa = XCBuildConfiguration;
			buildSettings = {
				ALWAYS_SEARCH_USER_PATHS = NO;
				CLANG_CXX_LANGUAGE_STANDARD = "gnu++0x";
				CLANG_CXX_LIBRARY = "libc++";
				CLANG_ENABLE_MODULES = YES;
				CLANG_ENABLE_OBJC_ARC = YES;
				CLANG_WARN_BOOL_CONVERSION = YES;
				CLANG_WARN_CONSTANT_CONVERSION = YES;
				CLANG_WARN_DIRECT_OBJC_ISA_USAGE = YES_ERROR;
				CLANG_WARN_EMPTY_BODY = YES;
				CLANG_WARN_ENUM_CONVERSION = YES;
				CLANG_WARN_INT_CONVERSION = YES;
				CLANG_WARN_OBJC_ROOT_CLASS = YES_ERROR;
				CLANG_WARN_UNREACHABLE_CODE = YES;
				CLANG_WARN__DUPLICATE_METHOD_MATCH = YES;
				CODE_SIGN_IDENTITY = "iPhone Developer";
				"CODE_SIGN_IDENTITY[sdk=iphoneos*]" = "iPhone Developer";
				COPY_PHASE_STRIP = NO;
				DEBUG_INFORMATION_FORMAT = "dwarf-with-dsym";
				ENABLE_STRICT_OBJC_MSGSEND = YES;
				GCC_C_LANGUAGE_STANDARD = gnu99;
				GCC_DYNAMIC_NO_PIC = NO;
				GCC_NO_COMMON_BLOCKS = YES;
				GCC_OPTIMIZATION_LEVEL = 0;
				GCC_PREPROCESSOR_DEFINITIONS = (
					"DEBUG=1",
					"$(inherited)",
				);
				GCC_SYMBOLS_PRIVATE_EXTERN = NO;
				GCC_WARN_64_TO_32_BIT_CONVERSION = YES;
				GCC_WARN_ABOUT_RETURN_TYPE = YES_ERROR;
				GCC_WARN_UNDECLARED_SELECTOR = YES;
				GCC_WARN_UNINITIALIZED_AUTOS = YES_AGGRESSIVE;
				GCC_WARN_UNUSED_FUNCTION = YES;
				GCC_WARN_UNUSED_VARIABLE = YES;
				IPHONEOS_DEPLOYMENT_TARGET = 8.4;
				MTL_ENABLE_DEBUG_INFO = YES;
				ONLY_ACTIVE_ARCH = YES;
				SDKROOT = iphoneos;
				TARGETED_DEVICE_FAMILY = 2;
			};
			name = Debug;
		};
		170FF26F1BA4722B005FF804 /* Release */ = {
			isa = XCBuildConfiguration;
			buildSettings = {
				ALWAYS_SEARCH_USER_PATHS = NO;
				CLANG_CXX_LANGUAGE_STANDARD = "gnu++0x";
				CLANG_CXX_LIBRARY = "libc++";
				CLANG_ENABLE_MODULES = YES;
				CLANG_ENABLE_OBJC_ARC = YES;
				CLANG_WARN_BOOL_CONVERSION = YES;
				CLANG_WARN_CONSTANT_CONVERSION = YES;
				CLANG_WARN_DIRECT_OBJC_ISA_USAGE = YES_ERROR;
				CLANG_WARN_EMPTY_BODY = YES;
				CLANG_WARN_ENUM_CONVERSION = YES;
				CLANG_WARN_INT_CONVERSION = YES;
				CLANG_WARN_OBJC_ROOT_CLASS = YES_ERROR;
				CLANG_WARN_UNREACHABLE_CODE = YES;
				CLANG_WARN__DUPLICATE_METHOD_MATCH = YES;
				CODE_SIGN_IDENTITY = "iPhone Developer";
				"CODE_SIGN_IDENTITY[sdk=iphoneos*]" = "iPhone Developer";
				COPY_PHASE_STRIP = NO;
				DEBUG_INFORMATION_FORMAT = "dwarf-with-dsym";
				ENABLE_NS_ASSERTIONS = NO;
				ENABLE_STRICT_OBJC_MSGSEND = YES;
				GCC_C_LANGUAGE_STANDARD = gnu99;
				GCC_NO_COMMON_BLOCKS = YES;
				GCC_WARN_64_TO_32_BIT_CONVERSION = YES;
				GCC_WARN_ABOUT_RETURN_TYPE = YES_ERROR;
				GCC_WARN_UNDECLARED_SELECTOR = YES;
				GCC_WARN_UNINITIALIZED_AUTOS = YES_AGGRESSIVE;
				GCC_WARN_UNUSED_FUNCTION = YES;
				GCC_WARN_UNUSED_VARIABLE = YES;
				IPHONEOS_DEPLOYMENT_TARGET = 8.4;
				MTL_ENABLE_DEBUG_INFO = NO;
				SDKROOT = iphoneos;
				TARGETED_DEVICE_FAMILY = 2;
				VALIDATE_PRODUCT = YES;
			};
			name = Release;
		};
		170FF2711BA4722C005FF804 /* Debug */ = {
			isa = XCBuildConfiguration;
			baseConfigurationReference = C066C1E3686F45DB360E6712 /* Pods.debug.xcconfig */;
			buildSettings = {
				ASSETCATALOG_COMPILER_APPICON_NAME = AppIcon;
				CODE_SIGN_IDENTITY = "iPhone Developer";
				"CODE_SIGN_IDENTITY[sdk=iphoneos*]" = "iPhone Developer";
				ENABLE_BITCODE = NO;
				INFOPLIST_FILE = CindersDating/Info.plist;
				LD_RUNPATH_SEARCH_PATHS = "$(inherited) @executable_path/Frameworks";
				PRODUCT_NAME = "$(TARGET_NAME)";
				PROVISIONING_PROFILE = "";
				TARGETED_DEVICE_FAMILY = "1,2";
			};
			name = Debug;
		};
		170FF2721BA4722C005FF804 /* Release */ = {
			isa = XCBuildConfiguration;
			baseConfigurationReference = 9ED89F12B7751D87B85775AA /* Pods.release.xcconfig */;
			buildSettings = {
				ASSETCATALOG_COMPILER_APPICON_NAME = AppIcon;
				CODE_SIGN_IDENTITY = "iPhone Developer";
				"CODE_SIGN_IDENTITY[sdk=iphoneos*]" = "iPhone Developer";
				ENABLE_BITCODE = NO;
				INFOPLIST_FILE = CindersDating/Info.plist;
				LD_RUNPATH_SEARCH_PATHS = "$(inherited) @executable_path/Frameworks";
				PRODUCT_NAME = "$(TARGET_NAME)";
				PROVISIONING_PROFILE = "";
				TARGETED_DEVICE_FAMILY = "1,2";
			};
			name = Release;
		};
		170FF2741BA4722C005FF804 /* Debug */ = {
			isa = XCBuildConfiguration;
			buildSettings = {
				BUNDLE_LOADER = "$(TEST_HOST)";
				FRAMEWORK_SEARCH_PATHS = (
					"$(SDKROOT)/Developer/Library/Frameworks",
					"$(inherited)",
				);
				GCC_PREPROCESSOR_DEFINITIONS = (
					"DEBUG=1",
					"$(inherited)",
				);
				INFOPLIST_FILE = CindersDatingTests/Info.plist;
				LD_RUNPATH_SEARCH_PATHS = "$(inherited) @executable_path/Frameworks @loader_path/Frameworks";
				PRODUCT_NAME = "$(TARGET_NAME)";
				TEST_HOST = "$(BUILT_PRODUCTS_DIR)/CindersDating.app/CindersDating";
			};
			name = Debug;
		};
		170FF2751BA4722C005FF804 /* Release */ = {
			isa = XCBuildConfiguration;
			buildSettings = {
				BUNDLE_LOADER = "$(TEST_HOST)";
				FRAMEWORK_SEARCH_PATHS = (
					"$(SDKROOT)/Developer/Library/Frameworks",
					"$(inherited)",
				);
				INFOPLIST_FILE = CindersDatingTests/Info.plist;
				LD_RUNPATH_SEARCH_PATHS = "$(inherited) @executable_path/Frameworks @loader_path/Frameworks";
				PRODUCT_NAME = "$(TARGET_NAME)";
				TEST_HOST = "$(BUILT_PRODUCTS_DIR)/CindersDating.app/CindersDating";
			};
			name = Release;
		};
/* End XCBuildConfiguration section */

/* Begin XCConfigurationList section */
		170FF2451BA4722B005FF804 /* Build configuration list for PBXProject "CindersDating" */ = {
			isa = XCConfigurationList;
			buildConfigurations = (
				170FF26E1BA4722B005FF804 /* Debug */,
				170FF26F1BA4722B005FF804 /* Release */,
			);
			defaultConfigurationIsVisible = 0;
			defaultConfigurationName = Release;
		};
		170FF2701BA4722C005FF804 /* Build configuration list for PBXNativeTarget "CindersDating" */ = {
			isa = XCConfigurationList;
			buildConfigurations = (
				170FF2711BA4722C005FF804 /* Debug */,
				170FF2721BA4722C005FF804 /* Release */,
			);
			defaultConfigurationIsVisible = 0;
			defaultConfigurationName = Release;
		};
		170FF2731BA4722C005FF804 /* Build configuration list for PBXNativeTarget "CindersDatingTests" */ = {
			isa = XCConfigurationList;
			buildConfigurations = (
				170FF2741BA4722C005FF804 /* Debug */,
				170FF2751BA4722C005FF804 /* Release */,
			);
			defaultConfigurationIsVisible = 0;
			defaultConfigurationName = Release;
		};
/* End XCConfigurationList section */

/* Begin XCVersionGroup section */
		170FF2541BA4722B005FF804 /* CindersDating.xcdatamodeld */ = {
			isa = XCVersionGroup;
			children = (
				170FF2551BA4722B005FF804 /* CindersDating.xcdatamodel */,
			);
			currentVersion = 170FF2551BA4722B005FF804 /* CindersDating.xcdatamodel */;
			path = CindersDating.xcdatamodeld;
			sourceTree = "<group>";
			versionGroupType = wrapper.xcdatamodel;
		};
/* End XCVersionGroup section */
	};
	rootObject = 170FF2421BA4722B005FF804 /* Project object */;
}
